
Microsoft Visual Studio Solution File, Format Version 12.00
# Visual Studio 14
VisualStudioVersion = 14.0.23107.0
MinimumVisualStudioVersion = 10.0.40219.1
Project("{FAE04EC0-301F-11D3-BF4B-00C04F79EFBC}") = "Restaurant", "Restaurant\Restaurant.csproj", "{E77F865B-306E-4DA6-9476-7D8A4D04DC15}"
EndProject
Project("{FAE04EC0-301F-11D3-BF4B-00C04F79EFBC}") = "Contracts", "Contracts\Contracts.csproj", "{F0ABE422-8A1A-4D44-A484-0FC3AD702989}"
EndProject
Global
	GlobalSection(SolutionConfigurationPlatforms) = preSolution
		Debug|Any CPU = Debug|Any CPU
		Release|Any CPU = Release|Any CPU
	EndGlobalSection
	GlobalSection(ProjectConfigurationPlatforms) = postSolution
		{E77F865B-306E-4DA6-9476-7D8A4D04DC15}.Debug|Any CPU.ActiveCfg = Debug|Any CPU
		{E77F865B-306E-4DA6-9476-7D8A4D04DC15}.Debug|Any CPU.Build.0 = Debug|Any CPU
		{E77F865B-306E-4DA6-9476-7D8A4D04DC15}.Release|Any CPU.ActiveCfg = Release|Any CPU
		{E77F865B-306E-4DA6-9476-7D8A4D04DC15}.Release|Any CPU.Build.0 = Release|Any CPU
		{F0ABE422-8A1A-4D44-A484-0FC3AD702989}.Debug|Any CPU.ActiveCfg = Debug|Any CPU
		{F0ABE422-8A1A-4D44-A484-0FC3AD702989}.Debug|Any CPU.Build.0 = Debug|Any CPU
		{F0ABE422-8A1A-4D44-A484-0FC3AD702989}.Release|Any CPU.ActiveCfg = Release|Any CPU
		{F0ABE422-8A1A-4D44-A484-0FC3AD702989}.Release|Any CPU.Build.0 = Release|Any CPU
	EndGlobalSection
	GlobalSection(SolutionProperties) = preSolution
		HideSolutionNode = FALSE
	EndGlobalSection
EndGlobal
